{
  "version": 4,
  "terraform_version": "1.10.5",
  "serial": 21,
  "lineage": "e201f0a8-ae56-16b5-3697-9cd88f73c74d",
  "outputs": {},
  "resources": [
    {
      "module": "module.ec2",
      "mode": "managed",
      "type": "aws_instance",
      "name": "bastion_host",
      "provider": "provider[\"registry.terraform.io/hashicorp/aws\"]",
      "instances": [
        {
          "schema_version": 1,
          "attributes": {
            "ami": "ami-024ea438ab0376a47",
            "arn": "arn:aws:ec2:ap-northeast-2:654654611665:instance/i-05ea25c1d32b8b641",
            "associate_public_ip_address": true,
            "availability_zone": "ap-northeast-2a",
            "capacity_reservation_specification": [
              {
                "capacity_reservation_preference": "open",
                "capacity_reservation_target": []
              }
            ],
            "cpu_core_count": 1,
            "cpu_options": [
              {
                "amd_sev_snp": "",
                "core_count": 1,
                "threads_per_core": 1
              }
            ],
            "cpu_threads_per_core": 1,
            "credit_specification": [
              {
                "cpu_credits": "standard"
              }
            ],
            "disable_api_stop": false,
            "disable_api_termination": false,
            "ebs_block_device": [],
            "ebs_optimized": false,
            "enclave_options": [
              {
                "enabled": false
              }
            ],
            "ephemeral_block_device": [],
            "get_password_data": false,
            "hibernation": false,
            "host_id": "",
            "host_resource_group_arn": null,
            "iam_instance_profile": "",
            "id": "i-05ea25c1d32b8b641",
            "instance_initiated_shutdown_behavior": "stop",
            "instance_lifecycle": "",
            "instance_market_options": [],
            "instance_state": "running",
            "instance_type": "t2.micro",
            "ipv6_address_count": 0,
            "ipv6_addresses": [],
            "key_name": "my_key",
            "launch_template": [],
            "maintenance_options": [
              {
                "auto_recovery": "default"
              }
            ],
            "metadata_options": [
              {
                "http_endpoint": "enabled",
                "http_protocol_ipv6": "disabled",
                "http_put_response_hop_limit": 2,
                "http_tokens": "required",
                "instance_metadata_tags": "disabled"
              }
            ],
            "monitoring": false,
            "network_interface": [],
            "outpost_arn": "",
            "password_data": "",
            "placement_group": "",
            "placement_partition_number": 0,
            "primary_network_interface_id": "eni-013194e42beece4dd",
            "private_dns": "ip-10-0-1-159.ap-northeast-2.compute.internal",
            "private_dns_name_options": [
              {
                "enable_resource_name_dns_a_record": false,
                "enable_resource_name_dns_aaaa_record": false,
                "hostname_type": "ip-name"
              }
            ],
            "private_ip": "10.0.1.159",
            "public_dns": "",
            "public_ip": "3.34.182.39",
            "root_block_device": [
              {
                "delete_on_termination": true,
                "device_name": "/dev/sda1",
                "encrypted": false,
                "iops": 3000,
                "kms_key_id": "",
                "tags": {},
                "tags_all": {},
                "throughput": 125,
                "volume_id": "vol-01cce421dd0908b94",
                "volume_size": 8,
                "volume_type": "gp3"
              }
            ],
            "secondary_private_ips": [],
            "security_groups": [],
            "source_dest_check": true,
            "spot_instance_request_id": "",
            "subnet_id": "subnet-0c9551019aead6778",
            "tags": {
              "Name": "bastion_host"
            },
            "tags_all": {
              "Name": "bastion_host"
            },
            "tenancy": "default",
            "timeouts": null,
            "user_data": null,
            "user_data_base64": null,
            "user_data_replace_on_change": false,
            "volume_tags": null,
            "vpc_security_group_ids": [
              "sg-0b72c70aef4305ce3"
            ]
          },
          "sensitive_attributes": [],
          "private": "eyJlMmJmYjczMC1lY2FhLTExZTYtOGY4OC0zNDM2M2JjN2M0YzAiOnsiY3JlYXRlIjo2MDAwMDAwMDAwMDAsImRlbGV0ZSI6MTIwMDAwMDAwMDAwMCwicmVhZCI6OTAwMDAwMDAwMDAwLCJ1cGRhdGUiOjYwMDAwMDAwMDAwMH0sInNjaGVtYV92ZXJzaW9uIjoiMSJ9",
          "dependencies": [
            "module.key_pair.aws_key_pair.my_key",
            "module.key_pair.tls_private_key.example",
            "module.security_group.aws_security_group.allow_ssh",
            "module.subnet.aws_subnet.public-1",
            "module.subnet.aws_subnet.public-2",
            "module.vpc.aws_vpc.main_vpc"
          ]
        }
      ]
    },
    {
      "module": "module.key_pair",
      "mode": "managed",
      "type": "aws_key_pair",
      "name": "my_key",
      "provider": "provider[\"registry.terraform.io/hashicorp/aws\"]",
      "instances": [
        {
          "schema_version": 1,
          "attributes": {
            "arn": "arn:aws:ec2:ap-northeast-2:654654611665:key-pair/my_key",
            "fingerprint": "54:25:e4:5b:e2:15:90:fe:af:87:30:c8:46:24:41:cc",
            "id": "my_key",
            "key_name": "my_key",
            "key_name_prefix": "",
            "key_pair_id": "key-0f42d3ca9d5ed0b94",
            "key_type": "rsa",
            "public_key": "ssh-rsa AAAAB3NzaC1yc2EAAAADAQABAAABAQCtH0uTMeloVGvaIC96aYLyU3LQXpkcO1ituYTEsS642AoYjnQcmkyjZyP1m/0SSFYH0YX6kqr48vC2HvwTvqiojVdbn9eAhYQjT7y0Vtwte8A8S3ephOPt2R6kfZ7yc38Js0Ax4V60mcn1bWC20JQHEAAABykDx0YH9yNtUapZI0SfYPnPOifmrbEAUtdP1ypGoffqFHT+jTvfeQMgnaipPguWNiFdzTBRMSH1ZDZex5bgslC0odwU1JLprZfczDIP1myPhTpeD58lZlDC90R2cC+INImRefB5bGa2TTXU2avKeeOzwJkzDrhyo/wlByYJYXXwBMjuYo2J+Glfy7QT",
            "tags": {},
            "tags_all": {}
          },
          "sensitive_attributes": [],
          "private": "eyJzY2hlbWFfdmVyc2lvbiI6IjEifQ==",
          "dependencies": [
            "module.key_pair.tls_private_key.example"
          ]
        }
      ]
    },
    {
      "module": "module.key_pair",
      "mode": "managed",
      "type": "local_file",
      "name": "private_key",
      "provider": "provider[\"registry.terraform.io/hashicorp/local\"]",
      "instances": [
        {
          "schema_version": 0,
          "attributes": {
            "content": "-----BEGIN RSA PRIVATE KEY-----\nMIIEowIBAAKCAQEArR9LkzHpaFRr2iAvemmC8lNy0F6ZHDtYrbmExLEuuNgKGI50\nHJpMo2cj9Zv9EkhWB9GF+pKq+PLwth78E76oqI1XW5/XgIWEI0+8tFbcLXvAPEt3\nqYTj7dkepH2e8nN/CbNAMeFetJnJ9W1gttCUBxAAAAcpA8dGB/cjbVGqWSNEn2D5\nzzon5q2xAFLXT9cqRqH36hR0/o0733kDIJ2oqT4LljYhXc0wUTEh9WQ2XseW4LJQ\ntKHcFNSS6a2X3MwyD9Zsj4U6Xg+fJWZQwvdEdnAviDSJkXnweWxmtk011Nmrynnj\ns8CZMw64cqP8JQcmCWF18ATI7mKNifhpX8u0EwIDAQABAoIBAAMjYhdU/Eor3Zii\npLmvV/RUluw4CsZ8POtJRaLbI2GuaOBxFKHAGkuL/xbgsQG31fdmUOtt5TOGE975\nSNCC0EPd7At5JkrqIK8TLvSF7o/UgnOVWqH0Cr2xBeEtdcgnV9IxMaS11SWo9ARC\n61HlDgnivF1Dw/aRki9qx3Wf2VqsRViXk7wT3ibSgsSlBvT5tZ/VGpAcb1rBqWHu\nhL0RFt/DCCHBzINyKoLEo9empQ3A3+ZhsPr/6RkurBgFDB65UD+HXF9QLjBVYNsn\nIvsDN4j53czzhyKMOIudnxaLLtyBdpBA1D8pW1hgaxlGYUNawRrozvscwM7D+3BQ\nOBUHyCECgYEA39srBM0h9dBoubixw7388vubJIbbRuPOBqUYk+Ff3B2nHMTkAaHq\nWtlyGqG6cvtY8+27bcdqrFU4yc02m9IQMfRuz4+eZxhZO6zanU7J0JYQmHL0jRF8\n5hnTgaJjEaaYVV4Y6o5YfNmDXuK8ehoaDHtIjCj/KsXeEGDUZT/16U8CgYEAxfst\nRGHbYOoqw76fcDqmzPDLsl8hKRtjz5rvzia2fDNCfAIJOwxVDUsbjpc4shBE6BDK\nM80hndfK6wJcO+AwlefFlmPE4q09dXUZdqdr04L7AVuk0PR9qrtb+bqk4eCcCxBH\n3m13FfFMilQcZvLJqSSG1fg154cpgkTMAv4/j/0CgYAr6LqUc4RAykNwgojj40VV\niALTdFxYmGCWLxYWE7QQ4gQggYJTy6XDcjmOfcCrwx+coToNe3syGHlOJCGdCORC\nWDbQIdSpVj5SlUJAbu7pKjZRIONVNGPyYoh5OhgCo1HoFNAAWjGDM8sv9nuP28TW\nQ+xkCbqbcjpvrf6baaNbwwKBgGN5th/yz0idwAkEYZYBUkgNATxJgh7mbTslzTIW\nz4AOPWyTlVG++4knYNw/bTRC6mxz6zUl76sgfwuf7voCxka74tKSpJ2EkCnRQY8V\nxh7LZBUll+WJww6i/y62MhxwP9drQcEn3TsAOAYVBwRPHzZGbR1bjrIbfqa+rIcg\neo19AoGBAKh+dtrxL+Tg9V0PdMjk7q0iWB7aStMhAxWTjQA9EknXbzlz0TrnzkqJ\n7yEPv75KLgteguPJyVNll2FmthEt69jvx0IWqOYRlj9MUjDYlHiDpbv6LS8wNhG2\nz30pt76IVjCdEzpY4ml/TRDNo9QhJiQuRQhbzCf/Ddju7GGweRze\n-----END RSA PRIVATE KEY-----\n",
            "content_base64": null,
            "content_base64sha256": "GaTzmcqSvzNHAD0hZ/atd8TN7/Bzl8ukmqOfvrXOAe0=",
            "content_base64sha512": "/rs6b8iLoTMN8Myqcp4b2dnN1xNFJLVZwE7mlPRkvTdHlsUxGgk+oURdiMuJpmf1+bGtjU4QWEDjnEmUkYFVXA==",
            "content_md5": "b5bcc0f0a2a83e89bf211df23fb83677",
            "content_sha1": "4e59db75119c3c90a45e0a3d048e03a2b93d7f49",
            "content_sha256": "19a4f399ca92bf3347003d2167f6ad77c4cdeff07397cba49aa39fbeb5ce01ed",
            "content_sha512": "febb3a6fc88ba1330df0ccaa729e1bd9d9cdd7134524b559c04ee694f464bd374796c5311a093ea1445d88cb89a667f5f9b1ad8d4e105840e39c49949181555c",
            "directory_permission": "0777",
            "file_permission": "0777",
            "filename": "modules/key-pair/my_key.pem",
            "id": "4e59db75119c3c90a45e0a3d048e03a2b93d7f49",
            "sensitive_content": null,
            "source": null
          },
          "sensitive_attributes": [
            [
              {
                "type": "get_attr",
                "value": "content"
              }
            ],
            [
              {
                "type": "get_attr",
                "value": "sensitive_content"
              }
            ]
          ],
          "dependencies": [
            "module.key_pair.tls_private_key.example"
          ]
        }
      ]
    },
    {
      "module": "module.key_pair",
      "mode": "managed",
      "type": "tls_private_key",
      "name": "example",
      "provider": "provider[\"registry.terraform.io/hashicorp/tls\"]",
      "instances": [
        {
          "schema_version": 1,
          "attributes": {
            "algorithm": "RSA",
            "ecdsa_curve": "P224",
            "id": "899bf59046fdb08a791c8d43d8f70c54a088764b",
            "private_key_openssh": "-----BEGIN OPENSSH PRIVATE KEY-----\nb3BlbnNzaC1rZXktdjEAAAAABG5vbmUAAAAEbm9uZQAAAAAAAAABAAABFwAAAAdz\nc2gtcnNhAAAAAwEAAQAAAQEArR9LkzHpaFRr2iAvemmC8lNy0F6ZHDtYrbmExLEu\nuNgKGI50HJpMo2cj9Zv9EkhWB9GF+pKq+PLwth78E76oqI1XW5/XgIWEI0+8tFbc\nLXvAPEt3qYTj7dkepH2e8nN/CbNAMeFetJnJ9W1gttCUBxAAAAcpA8dGB/cjbVGq\nWSNEn2D5zzon5q2xAFLXT9cqRqH36hR0/o0733kDIJ2oqT4LljYhXc0wUTEh9WQ2\nXseW4LJQtKHcFNSS6a2X3MwyD9Zsj4U6Xg+fJWZQwvdEdnAviDSJkXnweWxmtk01\n1Nmrynnjs8CZMw64cqP8JQcmCWF18ATI7mKNifhpX8u0EwAAA7j9XMKn/VzCpwAA\nAAdzc2gtcnNhAAABAQCtH0uTMeloVGvaIC96aYLyU3LQXpkcO1ituYTEsS642AoY\njnQcmkyjZyP1m/0SSFYH0YX6kqr48vC2HvwTvqiojVdbn9eAhYQjT7y0Vtwte8A8\nS3ephOPt2R6kfZ7yc38Js0Ax4V60mcn1bWC20JQHEAAABykDx0YH9yNtUapZI0Sf\nYPnPOifmrbEAUtdP1ypGoffqFHT+jTvfeQMgnaipPguWNiFdzTBRMSH1ZDZex5bg\nslC0odwU1JLprZfczDIP1myPhTpeD58lZlDC90R2cC+INImRefB5bGa2TTXU2avK\neeOzwJkzDrhyo/wlByYJYXXwBMjuYo2J+Glfy7QTAAAAAwEAAQAAAQADI2IXVPxK\nK92YoqS5r1f0VJbsOArGfDzrSUWi2yNhrmjgcRShwBpLi/8W4LEBt9X3ZlDrbeUz\nhhPe+UjQgtBD3ewLeSZK6iCvEy70he6P1IJzlVqh9Aq9sQXhLXXIJ1fSMTGktdUl\nqPQEQutR5Q4J4rxdQ8P2kZIvasd1n9larEVYl5O8E94m0oLEpQb0+bWf1RqQHG9a\nwalh7oS9ERbfwwghwcyDciqCxKPXpqUNwN/mYbD6/+kZLqwYBQweuVA/h1xfUC4w\nVWDbJyL7AzeI+d3M84cijDiLnZ8Wiy7cgXaQQNQ/KVtYYGsZRmFDWsEa6M77HMDO\nw/twUDgVB8ghAAAAgQCofnba8S/k4PVdD3TI5O6tIlge2krTIQMVk40APRJJ1285\nc9E6585Kie8hD7++Si4LXoLjyclTZZdhZrYRLevY78dCFqjmEZY/TFIw2JR4g6W7\n+i0vMDYRts99Kbe+iFYwnRM6WOJpf00QzaPUISYkLkUIW8wn/w3Y7uxhsHkc3gAA\nAIEA39srBM0h9dBoubixw7388vubJIbbRuPOBqUYk+Ff3B2nHMTkAaHqWtlyGqG6\ncvtY8+27bcdqrFU4yc02m9IQMfRuz4+eZxhZO6zanU7J0JYQmHL0jRF85hnTgaJj\nEaaYVV4Y6o5YfNmDXuK8ehoaDHtIjCj/KsXeEGDUZT/16U8AAACBAMX7LURh22Dq\nKsO+n3A6pszwy7JfISkbY8+a784mtnwzQnwCCTsMVQ1LG46XOLIQROgQyjPNIZ3X\nyusCXDvgMJXnxZZjxOKtPXV1GXana9OC+wFbpND0faq7W/m6pOHgnAsQR95tdxXx\nTIpUHGbyyakkhtX4NeeHKYJEzAL+P4/9AAAAAAEC\n-----END OPENSSH PRIVATE KEY-----\n",
            "private_key_pem": "-----BEGIN RSA PRIVATE KEY-----\nMIIEowIBAAKCAQEArR9LkzHpaFRr2iAvemmC8lNy0F6ZHDtYrbmExLEuuNgKGI50\nHJpMo2cj9Zv9EkhWB9GF+pKq+PLwth78E76oqI1XW5/XgIWEI0+8tFbcLXvAPEt3\nqYTj7dkepH2e8nN/CbNAMeFetJnJ9W1gttCUBxAAAAcpA8dGB/cjbVGqWSNEn2D5\nzzon5q2xAFLXT9cqRqH36hR0/o0733kDIJ2oqT4LljYhXc0wUTEh9WQ2XseW4LJQ\ntKHcFNSS6a2X3MwyD9Zsj4U6Xg+fJWZQwvdEdnAviDSJkXnweWxmtk011Nmrynnj\ns8CZMw64cqP8JQcmCWF18ATI7mKNifhpX8u0EwIDAQABAoIBAAMjYhdU/Eor3Zii\npLmvV/RUluw4CsZ8POtJRaLbI2GuaOBxFKHAGkuL/xbgsQG31fdmUOtt5TOGE975\nSNCC0EPd7At5JkrqIK8TLvSF7o/UgnOVWqH0Cr2xBeEtdcgnV9IxMaS11SWo9ARC\n61HlDgnivF1Dw/aRki9qx3Wf2VqsRViXk7wT3ibSgsSlBvT5tZ/VGpAcb1rBqWHu\nhL0RFt/DCCHBzINyKoLEo9empQ3A3+ZhsPr/6RkurBgFDB65UD+HXF9QLjBVYNsn\nIvsDN4j53czzhyKMOIudnxaLLtyBdpBA1D8pW1hgaxlGYUNawRrozvscwM7D+3BQ\nOBUHyCECgYEA39srBM0h9dBoubixw7388vubJIbbRuPOBqUYk+Ff3B2nHMTkAaHq\nWtlyGqG6cvtY8+27bcdqrFU4yc02m9IQMfRuz4+eZxhZO6zanU7J0JYQmHL0jRF8\n5hnTgaJjEaaYVV4Y6o5YfNmDXuK8ehoaDHtIjCj/KsXeEGDUZT/16U8CgYEAxfst\nRGHbYOoqw76fcDqmzPDLsl8hKRtjz5rvzia2fDNCfAIJOwxVDUsbjpc4shBE6BDK\nM80hndfK6wJcO+AwlefFlmPE4q09dXUZdqdr04L7AVuk0PR9qrtb+bqk4eCcCxBH\n3m13FfFMilQcZvLJqSSG1fg154cpgkTMAv4/j/0CgYAr6LqUc4RAykNwgojj40VV\niALTdFxYmGCWLxYWE7QQ4gQggYJTy6XDcjmOfcCrwx+coToNe3syGHlOJCGdCORC\nWDbQIdSpVj5SlUJAbu7pKjZRIONVNGPyYoh5OhgCo1HoFNAAWjGDM8sv9nuP28TW\nQ+xkCbqbcjpvrf6baaNbwwKBgGN5th/yz0idwAkEYZYBUkgNATxJgh7mbTslzTIW\nz4AOPWyTlVG++4knYNw/bTRC6mxz6zUl76sgfwuf7voCxka74tKSpJ2EkCnRQY8V\nxh7LZBUll+WJww6i/y62MhxwP9drQcEn3TsAOAYVBwRPHzZGbR1bjrIbfqa+rIcg\neo19AoGBAKh+dtrxL+Tg9V0PdMjk7q0iWB7aStMhAxWTjQA9EknXbzlz0TrnzkqJ\n7yEPv75KLgteguPJyVNll2FmthEt69jvx0IWqOYRlj9MUjDYlHiDpbv6LS8wNhG2\nz30pt76IVjCdEzpY4ml/TRDNo9QhJiQuRQhbzCf/Ddju7GGweRze\n-----END RSA PRIVATE KEY-----\n",
            "private_key_pem_pkcs8": "-----BEGIN PRIVATE KEY-----\nMIIEvQIBADANBgkqhkiG9w0BAQEFAASCBKcwggSjAgEAAoIBAQCtH0uTMeloVGva\nIC96aYLyU3LQXpkcO1ituYTEsS642AoYjnQcmkyjZyP1m/0SSFYH0YX6kqr48vC2\nHvwTvqiojVdbn9eAhYQjT7y0Vtwte8A8S3ephOPt2R6kfZ7yc38Js0Ax4V60mcn1\nbWC20JQHEAAABykDx0YH9yNtUapZI0SfYPnPOifmrbEAUtdP1ypGoffqFHT+jTvf\neQMgnaipPguWNiFdzTBRMSH1ZDZex5bgslC0odwU1JLprZfczDIP1myPhTpeD58l\nZlDC90R2cC+INImRefB5bGa2TTXU2avKeeOzwJkzDrhyo/wlByYJYXXwBMjuYo2J\n+Glfy7QTAgMBAAECggEAAyNiF1T8SivdmKKkua9X9FSW7DgKxnw860lFotsjYa5o\n4HEUocAaS4v/FuCxAbfV92ZQ623lM4YT3vlI0ILQQ93sC3kmSuogrxMu9IXuj9SC\nc5VaofQKvbEF4S11yCdX0jExpLXVJaj0BELrUeUOCeK8XUPD9pGSL2rHdZ/ZWqxF\nWJeTvBPeJtKCxKUG9Pm1n9UakBxvWsGpYe6EvREW38MIIcHMg3IqgsSj16alDcDf\n5mGw+v/pGS6sGAUMHrlQP4dcX1AuMFVg2yci+wM3iPndzPOHIow4i52fFosu3IF2\nkEDUPylbWGBrGUZhQ1rBGujO+xzAzsP7cFA4FQfIIQKBgQDf2ysEzSH10Gi5uLHD\nvfzy+5skhttG484GpRiT4V/cHaccxOQBoepa2XIaobpy+1jz7bttx2qsVTjJzTab\n0hAx9G7Pj55nGFk7rNqdTsnQlhCYcvSNEXzmGdOBomMRpphVXhjqjlh82YNe4rx6\nGhoMe0iMKP8qxd4QYNRlP/XpTwKBgQDF+y1EYdtg6irDvp9wOqbM8MuyXyEpG2PP\nmu/OJrZ8M0J8Agk7DFUNSxuOlziyEEToEMozzSGd18rrAlw74DCV58WWY8TirT11\ndRl2p2vTgvsBW6TQ9H2qu1v5uqTh4JwLEEfebXcV8UyKVBxm8smpJIbV+DXnhymC\nRMwC/j+P/QKBgCvoupRzhEDKQ3CCiOPjRVWIAtN0XFiYYJYvFhYTtBDiBCCBglPL\npcNyOY59wKvDH5yhOg17ezIYeU4kIZ0I5EJYNtAh1KlWPlKVQkBu7ukqNlEg41U0\nY/JiiHk6GAKjUegU0ABaMYMzyy/2e4/bxNZD7GQJuptyOm+t/ptpo1vDAoGAY3m2\nH/LPSJ3ACQRhlgFSSA0BPEmCHuZtOyXNMhbPgA49bJOVUb77iSdg3D9tNELqbHPr\nNSXvqyB/C5/u+gLGRrvi0pKknYSQKdFBjxXGHstkFSWX5YnDDqL/LrYyHHA/12tB\nwSfdOwA4BhUHBE8fNkZtHVuOsht+pr6shyB6jX0CgYEAqH522vEv5OD1XQ90yOTu\nrSJYHtpK0yEDFZONAD0SSddvOXPROufOSonvIQ+/vkouC16C48nJU2WXYWa2ES3r\n2O/HQhao5hGWP0xSMNiUeIOlu/otLzA2EbbPfSm3vohWMJ0TOljiaX9NEM2j1CEm\nJC5FCFvMJ/8N2O7sYbB5HN4=\n-----END PRIVATE KEY-----\n",
            "public_key_fingerprint_md5": "36:b4:7f:9c:02:32:5c:42:3a:25:53:5e:63:e7:0e:c5",
            "public_key_fingerprint_sha256": "SHA256:pz3HKSGcRvobrlT7qQa+MlfvRjc3v5cVOOaZ0oVfcIM",
            "public_key_openssh": "ssh-rsa AAAAB3NzaC1yc2EAAAADAQABAAABAQCtH0uTMeloVGvaIC96aYLyU3LQXpkcO1ituYTEsS642AoYjnQcmkyjZyP1m/0SSFYH0YX6kqr48vC2HvwTvqiojVdbn9eAhYQjT7y0Vtwte8A8S3ephOPt2R6kfZ7yc38Js0Ax4V60mcn1bWC20JQHEAAABykDx0YH9yNtUapZI0SfYPnPOifmrbEAUtdP1ypGoffqFHT+jTvfeQMgnaipPguWNiFdzTBRMSH1ZDZex5bgslC0odwU1JLprZfczDIP1myPhTpeD58lZlDC90R2cC+INImRefB5bGa2TTXU2avKeeOzwJkzDrhyo/wlByYJYXXwBMjuYo2J+Glfy7QT\n",
            "public_key_pem": "-----BEGIN PUBLIC KEY-----\nMIIBIjANBgkqhkiG9w0BAQEFAAOCAQ8AMIIBCgKCAQEArR9LkzHpaFRr2iAvemmC\n8lNy0F6ZHDtYrbmExLEuuNgKGI50HJpMo2cj9Zv9EkhWB9GF+pKq+PLwth78E76o\nqI1XW5/XgIWEI0+8tFbcLXvAPEt3qYTj7dkepH2e8nN/CbNAMeFetJnJ9W1gttCU\nBxAAAAcpA8dGB/cjbVGqWSNEn2D5zzon5q2xAFLXT9cqRqH36hR0/o0733kDIJ2o\nqT4LljYhXc0wUTEh9WQ2XseW4LJQtKHcFNSS6a2X3MwyD9Zsj4U6Xg+fJWZQwvdE\ndnAviDSJkXnweWxmtk011Nmrynnjs8CZMw64cqP8JQcmCWF18ATI7mKNifhpX8u0\nEwIDAQAB\n-----END PUBLIC KEY-----\n",
            "rsa_bits": 2048
          },
          "sensitive_attributes": [
            [
              {
                "type": "get_attr",
                "value": "private_key_pem_pkcs8"
              }
            ],
            [
              {
                "type": "get_attr",
                "value": "private_key_openssh"
              }
            ],
            [
              {
                "type": "get_attr",
                "value": "private_key_pem"
              }
            ]
          ]
        }
      ]
    },
    {
      "module": "module.security_group",
      "mode": "managed",
      "type": "aws_security_group",
      "name": "allow_ssh",
      "provider": "provider[\"registry.terraform.io/hashicorp/aws\"]",
      "instances": [
        {
          "schema_version": 1,
          "attributes": {
            "arn": "arn:aws:ec2:ap-northeast-2:654654611665:security-group/sg-0b72c70aef4305ce3",
            "description": "Allow SSH inbound traffic",
            "egress": [
              {
                "cidr_blocks": [
                  "0.0.0.0/0"
                ],
                "description": "",
                "from_port": 0,
                "ipv6_cidr_blocks": [],
                "prefix_list_ids": [],
                "protocol": "-1",
                "security_groups": [],
                "self": false,
                "to_port": 0
              }
            ],
            "id": "sg-0b72c70aef4305ce3",
            "ingress": [
              {
                "cidr_blocks": [
                  "0.0.0.0/0"
                ],
                "description": "",
                "from_port": 22,
                "ipv6_cidr_blocks": [],
                "prefix_list_ids": [],
                "protocol": "tcp",
                "security_groups": [],
                "self": false,
                "to_port": 22
              }
            ],
            "name": "allow_ssh",
            "name_prefix": "",
            "owner_id": "654654611665",
            "revoke_rules_on_delete": false,
            "tags": {
              "Name": "allow_ssh"
            },
            "tags_all": {
              "Name": "allow_ssh"
            },
            "timeouts": null,
            "vpc_id": "vpc-02b08f636be364ecc"
          },
          "sensitive_attributes": [],
          "private": "eyJlMmJmYjczMC1lY2FhLTExZTYtOGY4OC0zNDM2M2JjN2M0YzAiOnsiY3JlYXRlIjo2MDAwMDAwMDAwMDAsImRlbGV0ZSI6OTAwMDAwMDAwMDAwfSwic2NoZW1hX3ZlcnNpb24iOiIxIn0=",
          "dependencies": [
            "module.vpc.aws_vpc.main_vpc"
          ]
        }
      ]
    },
    {
      "module": "module.subnet",
      "mode": "managed",
      "type": "aws_route_table_association",
      "name": "public-1",
      "provider": "provider[\"registry.terraform.io/hashicorp/aws\"]",
      "instances": [
        {
          "schema_version": 0,
          "attributes": {
            "gateway_id": "",
            "id": "rtbassoc-081d60a4fae9763bf",
            "route_table_id": "rtb-06edd15585106851d",
            "subnet_id": "subnet-0c9551019aead6778",
            "timeouts": null
          },
          "sensitive_attributes": [],
          "private": "eyJlMmJmYjczMC1lY2FhLTExZTYtOGY4OC0zNDM2M2JjN2M0YzAiOnsiY3JlYXRlIjozMDAwMDAwMDAwMDAsImRlbGV0ZSI6MzAwMDAwMDAwMDAwLCJ1cGRhdGUiOjEyMDAwMDAwMDAwMH19",
          "dependencies": [
            "module.subnet.aws_subnet.public-1",
            "module.vpc.aws_internet_gateway.main_igw",
            "module.vpc.aws_route_table.main_rt",
            "module.vpc.aws_vpc.main_vpc"
          ]
        }
      ]
    },
    {
      "module": "module.subnet",
      "mode": "managed",
      "type": "aws_route_table_association",
      "name": "public-2",
      "provider": "provider[\"registry.terraform.io/hashicorp/aws\"]",
      "instances": [
        {
          "schema_version": 0,
          "attributes": {
            "gateway_id": "",
            "id": "rtbassoc-062d56740e5b6632f",
            "route_table_id": "rtb-06edd15585106851d",
            "subnet_id": "subnet-03f6e029469d95e70",
            "timeouts": null
          },
          "sensitive_attributes": [],
          "private": "eyJlMmJmYjczMC1lY2FhLTExZTYtOGY4OC0zNDM2M2JjN2M0YzAiOnsiY3JlYXRlIjozMDAwMDAwMDAwMDAsImRlbGV0ZSI6MzAwMDAwMDAwMDAwLCJ1cGRhdGUiOjEyMDAwMDAwMDAwMH19",
          "dependencies": [
            "module.subnet.aws_subnet.public-2",
            "module.vpc.aws_internet_gateway.main_igw",
            "module.vpc.aws_route_table.main_rt",
            "module.vpc.aws_vpc.main_vpc"
          ]
        }
      ]
    },
    {
      "module": "module.subnet",
      "mode": "managed",
      "type": "aws_subnet",
      "name": "private-1",
      "provider": "provider[\"registry.terraform.io/hashicorp/aws\"]",
      "instances": [
        {
          "schema_version": 1,
          "attributes": {
            "arn": "arn:aws:ec2:ap-northeast-2:654654611665:subnet/subnet-0a15b574c1284f205",
            "assign_ipv6_address_on_creation": false,
            "availability_zone": "ap-northeast-2a",
            "availability_zone_id": "apne2-az1",
            "cidr_block": "10.0.3.0/24",
            "customer_owned_ipv4_pool": "",
            "enable_dns64": false,
            "enable_lni_at_device_index": 0,
            "enable_resource_name_dns_a_record_on_launch": false,
            "enable_resource_name_dns_aaaa_record_on_launch": false,
            "id": "subnet-0a15b574c1284f205",
            "ipv6_cidr_block": "",
            "ipv6_cidr_block_association_id": "",
            "ipv6_native": false,
            "map_customer_owned_ip_on_launch": false,
            "map_public_ip_on_launch": false,
            "outpost_arn": "",
            "owner_id": "654654611665",
            "private_dns_hostname_type_on_launch": "ip-name",
            "tags": {
              "Name": "private-subnet-1"
            },
            "tags_all": {
              "Name": "private-subnet-1"
            },
            "timeouts": null,
            "vpc_id": "vpc-02b08f636be364ecc"
          },
          "sensitive_attributes": [],
          "private": "eyJlMmJmYjczMC1lY2FhLTExZTYtOGY4OC0zNDM2M2JjN2M0YzAiOnsiY3JlYXRlIjo2MDAwMDAwMDAwMDAsImRlbGV0ZSI6MTIwMDAwMDAwMDAwMH0sInNjaGVtYV92ZXJzaW9uIjoiMSJ9",
          "dependencies": [
            "module.vpc.aws_vpc.main_vpc"
          ]
        }
      ]
    },
    {
      "module": "module.subnet",
      "mode": "managed",
      "type": "aws_subnet",
      "name": "private-2",
      "provider": "provider[\"registry.terraform.io/hashicorp/aws\"]",
      "instances": [
        {
          "schema_version": 1,
          "attributes": {
            "arn": "arn:aws:ec2:ap-northeast-2:654654611665:subnet/subnet-076243918e5ce4aab",
            "assign_ipv6_address_on_creation": false,
            "availability_zone": "ap-northeast-2c",
            "availability_zone_id": "apne2-az3",
            "cidr_block": "10.0.4.0/24",
            "customer_owned_ipv4_pool": "",
            "enable_dns64": false,
            "enable_lni_at_device_index": 0,
            "enable_resource_name_dns_a_record_on_launch": false,
            "enable_resource_name_dns_aaaa_record_on_launch": false,
            "id": "subnet-076243918e5ce4aab",
            "ipv6_cidr_block": "",
            "ipv6_cidr_block_association_id": "",
            "ipv6_native": false,
            "map_customer_owned_ip_on_launch": false,
            "map_public_ip_on_launch": false,
            "outpost_arn": "",
            "owner_id": "654654611665",
            "private_dns_hostname_type_on_launch": "ip-name",
            "tags": {
              "Name": "private-subnet-2"
            },
            "tags_all": {
              "Name": "private-subnet-2"
            },
            "timeouts": null,
            "vpc_id": "vpc-02b08f636be364ecc"
          },
          "sensitive_attributes": [],
          "private": "eyJlMmJmYjczMC1lY2FhLTExZTYtOGY4OC0zNDM2M2JjN2M0YzAiOnsiY3JlYXRlIjo2MDAwMDAwMDAwMDAsImRlbGV0ZSI6MTIwMDAwMDAwMDAwMH0sInNjaGVtYV92ZXJzaW9uIjoiMSJ9",
          "dependencies": [
            "module.vpc.aws_vpc.main_vpc"
          ]
        }
      ]
    },
    {
      "module": "module.subnet",
      "mode": "managed",
      "type": "aws_subnet",
      "name": "public-1",
      "provider": "provider[\"registry.terraform.io/hashicorp/aws\"]",
      "instances": [
        {
          "schema_version": 1,
          "attributes": {
            "arn": "arn:aws:ec2:ap-northeast-2:654654611665:subnet/subnet-0c9551019aead6778",
            "assign_ipv6_address_on_creation": false,
            "availability_zone": "ap-northeast-2a",
            "availability_zone_id": "apne2-az1",
            "cidr_block": "10.0.1.0/24",
            "customer_owned_ipv4_pool": "",
            "enable_dns64": false,
            "enable_lni_at_device_index": 0,
            "enable_resource_name_dns_a_record_on_launch": false,
            "enable_resource_name_dns_aaaa_record_on_launch": false,
            "id": "subnet-0c9551019aead6778",
            "ipv6_cidr_block": "",
            "ipv6_cidr_block_association_id": "",
            "ipv6_native": false,
            "map_customer_owned_ip_on_launch": false,
            "map_public_ip_on_launch": true,
            "outpost_arn": "",
            "owner_id": "654654611665",
            "private_dns_hostname_type_on_launch": "ip-name",
            "tags": {
              "Name": "public-subnet-1"
            },
            "tags_all": {
              "Name": "public-subnet-1"
            },
            "timeouts": null,
            "vpc_id": "vpc-02b08f636be364ecc"
          },
          "sensitive_attributes": [],
          "private": "eyJlMmJmYjczMC1lY2FhLTExZTYtOGY4OC0zNDM2M2JjN2M0YzAiOnsiY3JlYXRlIjo2MDAwMDAwMDAwMDAsImRlbGV0ZSI6MTIwMDAwMDAwMDAwMH0sInNjaGVtYV92ZXJzaW9uIjoiMSJ9",
          "dependencies": [
            "module.vpc.aws_vpc.main_vpc"
          ]
        }
      ]
    },
    {
      "module": "module.subnet",
      "mode": "managed",
      "type": "aws_subnet",
      "name": "public-2",
      "provider": "provider[\"registry.terraform.io/hashicorp/aws\"]",
      "instances": [
        {
          "schema_version": 1,
          "attributes": {
            "arn": "arn:aws:ec2:ap-northeast-2:654654611665:subnet/subnet-03f6e029469d95e70",
            "assign_ipv6_address_on_creation": false,
            "availability_zone": "ap-northeast-2c",
            "availability_zone_id": "apne2-az3",
            "cidr_block": "10.0.2.0/24",
            "customer_owned_ipv4_pool": "",
            "enable_dns64": false,
            "enable_lni_at_device_index": 0,
            "enable_resource_name_dns_a_record_on_launch": false,
            "enable_resource_name_dns_aaaa_record_on_launch": false,
            "id": "subnet-03f6e029469d95e70",
            "ipv6_cidr_block": "",
            "ipv6_cidr_block_association_id": "",
            "ipv6_native": false,
            "map_customer_owned_ip_on_launch": false,
            "map_public_ip_on_launch": true,
            "outpost_arn": "",
            "owner_id": "654654611665",
            "private_dns_hostname_type_on_launch": "ip-name",
            "tags": {
              "Name": "public-subnet-2"
            },
            "tags_all": {
              "Name": "public-subnet-2"
            },
            "timeouts": null,
            "vpc_id": "vpc-02b08f636be364ecc"
          },
          "sensitive_attributes": [],
          "private": "eyJlMmJmYjczMC1lY2FhLTExZTYtOGY4OC0zNDM2M2JjN2M0YzAiOnsiY3JlYXRlIjo2MDAwMDAwMDAwMDAsImRlbGV0ZSI6MTIwMDAwMDAwMDAwMH0sInNjaGVtYV92ZXJzaW9uIjoiMSJ9",
          "dependencies": [
            "module.vpc.aws_vpc.main_vpc"
          ]
        }
      ]
    },
    {
      "module": "module.vpc",
      "mode": "managed",
      "type": "aws_internet_gateway",
      "name": "main_igw",
      "provider": "provider[\"registry.terraform.io/hashicorp/aws\"]",
      "instances": [
        {
          "schema_version": 0,
          "attributes": {
            "arn": "arn:aws:ec2:ap-northeast-2:654654611665:internet-gateway/igw-0629b7848eaf5ec55",
            "id": "igw-0629b7848eaf5ec55",
            "owner_id": "654654611665",
            "tags": {
              "Name": "my-igw"
            },
            "tags_all": {
              "Name": "my-igw"
            },
            "timeouts": null,
            "vpc_id": "vpc-02b08f636be364ecc"
          },
          "sensitive_attributes": [],
          "private": "eyJlMmJmYjczMC1lY2FhLTExZTYtOGY4OC0zNDM2M2JjN2M0YzAiOnsiY3JlYXRlIjoxMjAwMDAwMDAwMDAwLCJkZWxldGUiOjEyMDAwMDAwMDAwMDAsInVwZGF0ZSI6MTIwMDAwMDAwMDAwMH19",
          "dependencies": [
            "module.vpc.aws_vpc.main_vpc"
          ]
        }
      ]
    },
    {
      "module": "module.vpc",
      "mode": "managed",
      "type": "aws_route_table",
      "name": "main_rt",
      "provider": "provider[\"registry.terraform.io/hashicorp/aws\"]",
      "instances": [
        {
          "schema_version": 0,
          "attributes": {
            "arn": "arn:aws:ec2:ap-northeast-2:654654611665:route-table/rtb-06edd15585106851d",
            "id": "rtb-06edd15585106851d",
            "owner_id": "654654611665",
            "propagating_vgws": [],
            "route": [
              {
                "carrier_gateway_id": "",
                "cidr_block": "0.0.0.0/0",
                "core_network_arn": "",
                "destination_prefix_list_id": "",
                "egress_only_gateway_id": "",
                "gateway_id": "igw-0629b7848eaf5ec55",
                "ipv6_cidr_block": "",
                "local_gateway_id": "",
                "nat_gateway_id": "",
                "network_interface_id": "",
                "transit_gateway_id": "",
                "vpc_endpoint_id": "",
                "vpc_peering_connection_id": ""
              }
            ],
            "tags": {
              "Name": "my-route-table"
            },
            "tags_all": {
              "Name": "my-route-table"
            },
            "timeouts": null,
            "vpc_id": "vpc-02b08f636be364ecc"
          },
          "sensitive_attributes": [],
          "private": "eyJlMmJmYjczMC1lY2FhLTExZTYtOGY4OC0zNDM2M2JjN2M0YzAiOnsiY3JlYXRlIjozMDAwMDAwMDAwMDAsImRlbGV0ZSI6MzAwMDAwMDAwMDAwLCJ1cGRhdGUiOjEyMDAwMDAwMDAwMH19",
          "dependencies": [
            "module.vpc.aws_internet_gateway.main_igw",
            "module.vpc.aws_vpc.main_vpc"
          ]
        }
      ]
    },
    {
      "module": "module.vpc",
      "mode": "managed",
      "type": "aws_vpc",
      "name": "main_vpc",
      "provider": "provider[\"registry.terraform.io/hashicorp/aws\"]",
      "instances": [
        {
          "schema_version": 1,
          "attributes": {
            "arn": "arn:aws:ec2:ap-northeast-2:654654611665:vpc/vpc-02b08f636be364ecc",
            "assign_generated_ipv6_cidr_block": false,
            "cidr_block": "10.0.0.0/16",
            "default_network_acl_id": "acl-02a5c06a09a70004b",
            "default_route_table_id": "rtb-01caf0e3ec52a28c0",
            "default_security_group_id": "sg-0e4665be779315cd1",
            "dhcp_options_id": "dopt-0f1936d6d9b6ba383",
            "enable_dns_hostnames": false,
            "enable_dns_support": true,
            "enable_network_address_usage_metrics": false,
            "id": "vpc-02b08f636be364ecc",
            "instance_tenancy": "default",
            "ipv4_ipam_pool_id": null,
            "ipv4_netmask_length": null,
            "ipv6_association_id": "",
            "ipv6_cidr_block": "",
            "ipv6_cidr_block_network_border_group": "",
            "ipv6_ipam_pool_id": "",
            "ipv6_netmask_length": 0,
            "main_route_table_id": "rtb-01caf0e3ec52a28c0",
            "owner_id": "654654611665",
            "tags": {
              "Name": "my-vpc"
            },
            "tags_all": {
              "Name": "my-vpc"
            }
          },
          "sensitive_attributes": [],
          "private": "eyJzY2hlbWFfdmVyc2lvbiI6IjEifQ=="
        }
      ]
    }
  ],
  "check_results": null
}
